PODS:
  - IQKeyboardManagerSwift (6.3.0)

DEPENDENCIES:
  - IQKeyboardManagerSwift (= 6.3.0)

SPEC REPOS:
  trunk:
    - IQKeyboardManagerSwift

SPEC CHECKSUMS:
  IQKeyboardManagerSwift: a8228c257614af98743b4cd8584637025f36358f

PODFILE CHECKSUM: a2775c1e251f54189205e28d5ea437f2e76825fe

COCOAPODS: 1.11.3
