{
  "pins" : [
    {
      "identity" : "alamofire",
      "kind" : "remoteSourceControl",
      "location" : "https://github.com/Alamofire/Alamofire",
      "state" : {
        "revision" : "8dd85aee02e39dd280c75eef88ffdb86eed4b07b",
        "version" : "5.6.2"
      }
    },
    {
      "identity" : "hero",
      "kind" : "remoteSourceControl",
      "location" : "https://github.com/HeroTransitions/Hero",
      "state" : {
        "revision" : "66a554b21116fccf61b3aa2205a86f6b0cdc9766",
        "version" : "1.6.2"
      }
    },
    {
      "identity" : "kingfisher",
      "kind" : "remoteSourceControl",
      "location" : "https://github.com/onevcat/Kingfisher",
      "state" : {
        "revision" : "017f94ccfdacabb1ae7f45b75b4217b24c06e6ac",
        "version" : "7.4.0"
      }
    },
    {
      "identity" : "lottie-ios",
      "kind" : "remoteSourceControl",
      "location" : "https://github.com/airbnb/lottie-ios",
      "state" : {
        "revision" : "b4bd0604ded9574807f41b4004b57dd1226a30a4",
        "version" : "3.5.0"
      }
    },
    {
      "identity" : "pageboy",
      "kind" : "remoteSourceControl",
      "location" : "https://github.com/uias/Pageboy",
      "state" : {
        "revision" : "5522aa6ae88633f6c23cf504e9cd684e963822f1",
        "version" : "4.0.2"
      }
    },
    {
      "identity" : "rxswift",
      "kind" : "remoteSourceControl",
      "location" : "https://github.com/ReactiveX/RxSwift",
      "state" : {
        "revision" : "b4307ba0b6425c0ba4178e138799946c3da594f8",
        "version" : "6.5.0"
      }
    },
    {
      "identity" : "snapkit",
      "kind" : "remoteSourceControl",
      "location" : "https://github.com/SnapKit/SnapKit",
      "state" : {
        "revision" : "f222cbdf325885926566172f6f5f06af95473158",
        "version" : "5.6.0"
      }
    },
    {
      "identity" : "tabman",
      "kind" : "remoteSourceControl",
      "location" : "https://github.com/uias/Tabman",
      "state" : {
        "revision" : "6a87a2825939f5da06cf52a6582d67a646488cff",
        "version" : "3.0.1"
      }
    },
    {
      "identity" : "then",
      "kind" : "remoteSourceControl",
      "location" : "https://github.com/devxoul/Then",
      "state" : {
        "revision" : "d41ef523faef0f911369f79c0b96815d9dbb6d7a",
        "version" : "3.0.0"
      }
    },
    {
      "identity" : "toast-swift",
      "kind" : "remoteSourceControl",
      "location" : "https://github.com/scalessec/Toast-Swift",
      "state" : {
        "revision" : "0c9493eeacb102cc614da385cfaaf475379f4ab4",
        "version" : "5.0.1"
      }
    }
  ],
  "version" : 2
}
