// !$*UTF8*$!
{
	archiveVersion = 1;
	classes = {
	};
	objectVersion = 55;
	objects = {

/* Begin PBXBuildFile section */
		6929CCD6B3AFD7DAECB86228 /* Pods_Techl_Neo.framework in Frameworks */ = {isa = PBXBuildFile; fileRef = CDB14C8E2D8B25F4975FA683 /* Pods_Techl_Neo.framework */; };
		A23AC15C28F3119400A39B08 /* .gitignore in Resources */ = {isa = PBXBuildFile; fileRef = A23AC15B28F3119400A39B08 /* .gitignore */; };
		A23AC15F28F31C4D00A39B08 /* Alamofire in Frameworks */ = {isa = PBXBuildFile; productRef = A23AC15E28F31C4D00A39B08 /* Alamofire */; };
		A23AC16228F31C6500A39B08 /* Kingfisher in Frameworks */ = {isa = PBXBuildFile; productRef = A23AC16128F31C6500A39B08 /* Kingfisher */; };
		A23AC16528F31C7A00A39B08 /* SnapKit in Frameworks */ = {isa = PBXBuildFile; productRef = A23AC16428F31C7A00A39B08 /* SnapKit */; };
		A23AC16828F31C8D00A39B08 /* Then in Frameworks */ = {isa = PBXBuildFile; productRef = A23AC16728F31C8D00A39B08 /* Then */; };
		A2499AA0291E4C4100A81D07 /* Toast in Frameworks */ = {isa = PBXBuildFile; productRef = A2499A9F291E4C4100A81D07 /* Toast */; };
		A2499AA3291E4C5800A81D07 /* RxCocoa in Frameworks */ = {isa = PBXBuildFile; productRef = A2499AA2291E4C5800A81D07 /* RxCocoa */; };
		A2499AA5291E4C5800A81D07 /* RxSwift in Frameworks */ = {isa = PBXBuildFile; productRef = A2499AA4291E4C5800A81D07 /* RxSwift */; };
		A2499AA8291E4D1200A81D07 /* Tabman in Frameworks */ = {isa = PBXBuildFile; productRef = A2499AA7291E4D1200A81D07 /* Tabman */; };
		A2499AAB291E4D3400A81D07 /* Hero in Frameworks */ = {isa = PBXBuildFile; productRef = A2499AAA291E4D3400A81D07 /* Hero */; };
		A2499AAE291E4D7B00A81D07 /* Lottie in Frameworks */ = {isa = PBXBuildFile; productRef = A2499AAD291E4D7B00A81D07 /* Lottie */; };
		A2499AB1291E504300A81D07 /* BaseView.swift in Sources */ = {isa = PBXBuildFile; fileRef = A2499AB0291E504300A81D07 /* BaseView.swift */; };
		A26097AC28F426EC0051BA41 /* UIColor+Extension.swift in Sources */ = {isa = PBXBuildFile; fileRef = A26097AB28F426EC0051BA41 /* UIColor+Extension.swift */; };
		A2B0DF4528F30623009F1102 /* AppDelegate.swift in Sources */ = {isa = PBXBuildFile; fileRef = A2B0DF4428F30623009F1102 /* AppDelegate.swift */; };
		A2B0DF4728F30623009F1102 /* SceneDelegate.swift in Sources */ = {isa = PBXBuildFile; fileRef = A2B0DF4628F30623009F1102 /* SceneDelegate.swift */; };
		A2B0DF4928F30623009F1102 /* ViewController.swift in Sources */ = {isa = PBXBuildFile; fileRef = A2B0DF4828F30623009F1102 /* ViewController.swift */; };
		A2B0DF4C28F30623009F1102 /* Main.storyboard in Resources */ = {isa = PBXBuildFile; fileRef = A2B0DF4A28F30623009F1102 /* Main.storyboard */; };
		A2B0DF4E28F30625009F1102 /* Assets.xcassets in Resources */ = {isa = PBXBuildFile; fileRef = A2B0DF4D28F30625009F1102 /* Assets.xcassets */; };
		A2B0DF5128F30626009F1102 /* LaunchScreen.storyboard in Resources */ = {isa = PBXBuildFile; fileRef = A2B0DF4F28F30626009F1102 /* LaunchScreen.storyboard */; };
/* End PBXBuildFile section */

/* Begin PBXFileReference section */
		A23AC15B28F3119400A39B08 /* .gitignore */ = {isa = PBXFileReference; lastKnownFileType = text; path = .gitignore; sourceTree = "<group>"; };
		A2499AB0291E504300A81D07 /* BaseView.swift */ = {isa = PBXFileReference; lastKnownFileType = sourcecode.swift; path = BaseView.swift; sourceTree = "<group>"; };
		A26097AB28F426EC0051BA41 /* UIColor+Extension.swift */ = {isa = PBXFileReference; lastKnownFileType = sourcecode.swift; path = "UIColor+Extension.swift"; sourceTree = "<group>"; };
		A2B0DF4128F30623009F1102 /* Techl-Neo.app */ = {isa = PBXFileReference; explicitFileType = wrapper.application; includeInIndex = 0; path = "Techl-Neo.app"; sourceTree = BUILT_PRODUCTS_DIR; };
		A2B0DF4428F30623009F1102 /* AppDelegate.swift */ = {isa = PBXFileReference; lastKnownFileType = sourcecode.swift; path = AppDelegate.swift; sourceTree = "<group>"; };
		A2B0DF4628F30623009F1102 /* SceneDelegate.swift */ = {isa = PBXFileReference; lastKnownFileType = sourcecode.swift; path = SceneDelegate.swift; sourceTree = "<group>"; };
		A2B0DF4828F30623009F1102 /* ViewController.swift */ = {isa = PBXFileReference; lastKnownFileType = sourcecode.swift; path = ViewController.swift; sourceTree = "<group>"; };
		A2B0DF4B28F30623009F1102 /* Base */ = {isa = PBXFileReference; lastKnownFileType = file.storyboard; name = Base; path = Base.lproj/Main.storyboard; sourceTree = "<group>"; };
		A2B0DF4D28F30625009F1102 /* Assets.xcassets */ = {isa = PBXFileReference; lastKnownFileType = folder.assetcatalog; path = Assets.xcassets; sourceTree = "<group>"; };
		A2B0DF5028F30626009F1102 /* Base */ = {isa = PBXFileReference; lastKnownFileType = file.storyboard; name = Base; path = Base.lproj/LaunchScreen.storyboard; sourceTree = "<group>"; };
		A2B0DF5228F30626009F1102 /* Info.plist */ = {isa = PBXFileReference; lastKnownFileType = text.plist.xml; path = Info.plist; sourceTree = "<group>"; };
		A4B56B0526AD5311E60C8FEF /* Pods-Techl-Neo.debug.xcconfig */ = {isa = PBXFileReference; includeInIndex = 1; lastKnownFileType = text.xcconfig; name = "Pods-Techl-Neo.debug.xcconfig"; path = "Target Support Files/Pods-Techl-Neo/Pods-Techl-Neo.debug.xcconfig"; sourceTree = "<group>"; };
		C0FFDFC48EC30A82C6C998E2 /* Pods-Techl-Neo.release.xcconfig */ = {isa = PBXFileReference; includeInIndex = 1; lastKnownFileType = text.xcconfig; name = "Pods-Techl-Neo.release.xcconfig"; path = "Target Support Files/Pods-Techl-Neo/Pods-Techl-Neo.release.xcconfig"; sourceTree = "<group>"; };
		CDB14C8E2D8B25F4975FA683 /* Pods_Techl_Neo.framework */ = {isa = PBXFileReference; explicitFileType = wrapper.framework; includeInIndex = 0; path = Pods_Techl_Neo.framework; sourceTree = BUILT_PRODUCTS_DIR; };
/* End PBXFileReference section */

/* Begin PBXFrameworksBuildPhase section */
		A2B0DF3E28F30622009F1102 /* Frameworks */ = {
			isa = PBXFrameworksBuildPhase;
			buildActionMask = 2147483647;
			files = (
				A2499AA0291E4C4100A81D07 /* Toast in Frameworks */,
				A23AC16528F31C7A00A39B08 /* SnapKit in Frameworks */,
				A23AC16228F31C6500A39B08 /* Kingfisher in Frameworks */,
				A2499AA3291E4C5800A81D07 /* RxCocoa in Frameworks */,
				A23AC15F28F31C4D00A39B08 /* Alamofire in Frameworks */,
				A2499AA8291E4D1200A81D07 /* Tabman in Frameworks */,
				A2499AAE291E4D7B00A81D07 /* Lottie in Frameworks */,
				A23AC16828F31C8D00A39B08 /* Then in Frameworks */,
				A2499AA5291E4C5800A81D07 /* RxSwift in Frameworks */,
				A2499AAB291E4D3400A81D07 /* Hero in Frameworks */,
				6929CCD6B3AFD7DAECB86228 /* Pods_Techl_Neo.framework in Frameworks */,
			);
			runOnlyForDeploymentPostprocessing = 0;
		};
/* End PBXFrameworksBuildPhase section */

/* Begin PBXGroup section */
		1663FA4838068222FBEC3C0D /* Frameworks */ = {
			isa = PBXGroup;
			children = (
				CDB14C8E2D8B25F4975FA683 /* Pods_Techl_Neo.framework */,
			);
			name = Frameworks;
			sourceTree = "<group>";
		};
		A2499AAF291E502E00A81D07 /* Base */ = {
			isa = PBXGroup;
			children = (
				A2499AB0291E504300A81D07 /* BaseView.swift */,
			);
			path = Base;
			sourceTree = "<group>";
		};
		A26097A528F321F60051BA41 /* App */ = {
			isa = PBXGroup;
			children = (
				A2B0DF4428F30623009F1102 /* AppDelegate.swift */,
				A2B0DF4628F30623009F1102 /* SceneDelegate.swift */,
			);
			path = App;
			sourceTree = "<group>";
		};
		A26097A628F322320051BA41 /* Global */ = {
			isa = PBXGroup;
			children = (
				A26097AA28F4269A0051BA41 /* Extension */,
				A26097A728F322410051BA41 /* Resources */,
				A26097A828F322870051BA41 /* Supports */,
			);
			path = Global;
			sourceTree = "<group>";
		};
		A26097A728F322410051BA41 /* Resources */ = {
			isa = PBXGroup;
			children = (
				A2B0DF4D28F30625009F1102 /* Assets.xcassets */,
			);
			path = Resources;
			sourceTree = "<group>";
		};
		A26097A828F322870051BA41 /* Supports */ = {
			isa = PBXGroup;
			children = (
				A2B0DF4F28F30626009F1102 /* LaunchScreen.storyboard */,
			);
			path = Supports;
			sourceTree = "<group>";
		};
		A26097A928F322E10051BA41 /* Presentations */ = {
			isa = PBXGroup;
			children = (
				A2499AAF291E502E00A81D07 /* Base */,
				A2B0DF4828F30623009F1102 /* ViewController.swift */,
				A2B0DF4A28F30623009F1102 /* Main.storyboard */,
			);
			path = Presentations;
			sourceTree = "<group>";
		};
		A26097AA28F4269A0051BA41 /* Extension */ = {
			isa = PBXGroup;
			children = (
				A26097AB28F426EC0051BA41 /* UIColor+Extension.swift */,
			);
			path = Extension;
			sourceTree = "<group>";
		};
		A2B0DF3828F30622009F1102 = {
			isa = PBXGroup;
			children = (
				A23AC15B28F3119400A39B08 /* .gitignore */,
				A2B0DF4328F30623009F1102 /* Techl-Neo */,
				A2B0DF4228F30623009F1102 /* Products */,
				C467D51BC5CC10807654941D /* Pods */,
				1663FA4838068222FBEC3C0D /* Frameworks */,
			);
			sourceTree = "<group>";
		};
		A2B0DF4228F30623009F1102 /* Products */ = {
			isa = PBXGroup;
			children = (
				A2B0DF4128F30623009F1102 /* Techl-Neo.app */,
			);
			name = Products;
			sourceTree = "<group>";
		};
		A2B0DF4328F30623009F1102 /* Techl-Neo */ = {
			isa = PBXGroup;
			children = (
				A26097A528F321F60051BA41 /* App */,
				A26097A628F322320051BA41 /* Global */,
				A26097A928F322E10051BA41 /* Presentations */,
				A2B0DF5228F30626009F1102 /* Info.plist */,
			);
			path = "Techl-Neo";
			sourceTree = "<group>";
		};
		C467D51BC5CC10807654941D /* Pods */ = {
			isa = PBXGroup;
			children = (
				A4B56B0526AD5311E60C8FEF /* Pods-Techl-Neo.debug.xcconfig */,
				C0FFDFC48EC30A82C6C998E2 /* Pods-Techl-Neo.release.xcconfig */,
			);
			path = Pods;
			sourceTree = "<group>";
		};
/* End PBXGroup section */

/* Begin PBXNativeTarget section */
		A2B0DF4028F30622009F1102 /* Techl-Neo */ = {
			isa = PBXNativeTarget;
			buildConfigurationList = A2B0DF5528F30626009F1102 /* Build configuration list for PBXNativeTarget "Techl-Neo" */;
			buildPhases = (
				5AC88736BAC0AC056AEE8A47 /* [CP] Check Pods Manifest.lock */,
				A2B0DF3D28F30622009F1102 /* Sources */,
				A2B0DF3E28F30622009F1102 /* Frameworks */,
				A2B0DF3F28F30622009F1102 /* Resources */,
				BFD1965B2DE2724D63E7B62F /* [CP] Embed Pods Frameworks */,
			);
			buildRules = (
			);
			dependencies = (
			);
			name = "Techl-Neo";
			packageProductDependencies = (
				A23AC15E28F31C4D00A39B08 /* Alamofire */,
				A23AC16128F31C6500A39B08 /* Kingfisher */,
				A23AC16428F31C7A00A39B08 /* SnapKit */,
				A23AC16728F31C8D00A39B08 /* Then */,
				A2499A9F291E4C4100A81D07 /* Toast */,
				A2499AA2291E4C5800A81D07 /* RxCocoa */,
				A2499AA4291E4C5800A81D07 /* RxSwift */,
				A2499AA7291E4D1200A81D07 /* Tabman */,
				A2499AAA291E4D3400A81D07 /* Hero */,
				A2499AAD291E4D7B00A81D07 /* Lottie */,
			);
			productName = "Techl-Neo";
			productReference = A2B0DF4128F30623009F1102 /* Techl-Neo.app */;
			productType = "com.apple.product-type.application";
		};
/* End PBXNativeTarget section */

/* Begin PBXProject section */
		A2B0DF3928F30622009F1102 /* Project object */ = {
			isa = PBXProject;
			attributes = {
				BuildIndependentTargetsInParallel = 1;
				LastSwiftUpdateCheck = 1340;
				LastUpgradeCheck = 1340;
				TargetAttributes = {
					A2B0DF4028F30622009F1102 = {
						CreatedOnToolsVersion = 13.4.1;
					};
				};
			};
			buildConfigurationList = A2B0DF3C28F30622009F1102 /* Build configuration list for PBXProject "Techl-Neo" */;
			compatibilityVersion = "Xcode 13.0";
			developmentRegion = en;
			hasScannedForEncodings = 0;
			knownRegions = (
				en,
				Base,
			);
			mainGroup = A2B0DF3828F30622009F1102;
			packageReferences = (
				A23AC15D28F31C4D00A39B08 /* XCRemoteSwiftPackageReference "Alamofire" */,
				A23AC16028F31C6500A39B08 /* XCRemoteSwiftPackageReference "Kingfisher" */,
				A23AC16328F31C7A00A39B08 /* XCRemoteSwiftPackageReference "SnapKit" */,
				A23AC16628F31C8D00A39B08 /* XCRemoteSwiftPackageReference "Then" */,
				A2499A9E291E4C4000A81D07 /* XCRemoteSwiftPackageReference "Toast-Swift" */,
				A2499AA1291E4C5800A81D07 /* XCRemoteSwiftPackageReference "RxSwift" */,
				A2499AA6291E4D1200A81D07 /* XCRemoteSwiftPackageReference "Tabman" */,
				A2499AA9291E4D3400A81D07 /* XCRemoteSwiftPackageReference "Hero" */,
				A2499AAC291E4D7B00A81D07 /* XCRemoteSwiftPackageReference "lottie-ios" */,
			);
			productRefGroup = A2B0DF4228F30623009F1102 /* Products */;
			projectDirPath = "";
			projectRoot = "";
			targets = (
				A2B0DF4028F30622009F1102 /* Techl-Neo */,
			);
		};
/* End PBXProject section */

/* Begin PBXResourcesBuildPhase section */
		A2B0DF3F28F30622009F1102 /* Resources */ = {
			isa = PBXResourcesBuildPhase;
			buildActionMask = 2147483647;
			files = (
				A23AC15C28F3119400A39B08 /* .gitignore in Resources */,
				A2B0DF5128F30626009F1102 /* LaunchScreen.storyboard in Resources */,
				A2B0DF4E28F30625009F1102 /* Assets.xcassets in Resources */,
				A2B0DF4C28F30623009F1102 /* Main.storyboard in Resources */,
			);
			runOnlyForDeploymentPostprocessing = 0;
		};
/* End PBXResourcesBuildPhase section */

/* Begin PBXShellScriptBuildPhase section */
		5AC88736BAC0AC056AEE8A47 /* [CP] Check Pods Manifest.lock */ = {
			isa = PBXShellScriptBuildPhase;
			buildActionMask = 2147483647;
			files = (
			);
			inputFileListPaths = (
			);
			inputPaths = (
				"${PODS_PODFILE_DIR_PATH}/Podfile.lock",
				"${PODS_ROOT}/Manifest.lock",
			);
			name = "[CP] Check Pods Manifest.lock";
			outputFileListPaths = (
			);
			outputPaths = (
				"$(DERIVED_FILE_DIR)/Pods-Techl-Neo-checkManifestLockResult.txt",
			);
			runOnlyForDeploymentPostprocessing = 0;
			shellPath = /bin/sh;
			shellScript = "diff \"${PODS_PODFILE_DIR_PATH}/Podfile.lock\" \"${PODS_ROOT}/Manifest.lock\" > /dev/null\nif [ $? != 0 ] ; then\n    # print error to STDERR\n    echo \"error: The sandbox is not in sync with the Podfile.lock. Run 'pod install' or update your CocoaPods installation.\" >&2\n    exit 1\nfi\n# This output is used by Xcode 'outputs' to avoid re-running this script phase.\necho \"SUCCESS\" > \"${SCRIPT_OUTPUT_FILE_0}\"\n";
			showEnvVarsInLog = 0;
		};
		BFD1965B2DE2724D63E7B62F /* [CP] Embed Pods Frameworks */ = {
			isa = PBXShellScriptBuildPhase;
			buildActionMask = 2147483647;
			files = (
			);
			inputFileListPaths = (
				"${PODS_ROOT}/Target Support Files/Pods-Techl-Neo/Pods-Techl-Neo-frameworks-${CONFIGURATION}-input-files.xcfilelist",
			);
			name = "[CP] Embed Pods Frameworks";
			outputFileListPaths = (
				"${PODS_ROOT}/Target Support Files/Pods-Techl-Neo/Pods-Techl-Neo-frameworks-${CONFIGURATION}-output-files.xcfilelist",
			);
			runOnlyForDeploymentPostprocessing = 0;
			shellPath = /bin/sh;
			shellScript = "\"${PODS_ROOT}/Target Support Files/Pods-Techl-Neo/Pods-Techl-Neo-frameworks.sh\"\n";
			showEnvVarsInLog = 0;
		};
/* End PBXShellScriptBuildPhase section */

/* Begin PBXSourcesBuildPhase section */
		A2B0DF3D28F30622009F1102 /* Sources */ = {
			isa = PBXSourcesBuildPhase;
			buildActionMask = 2147483647;
			files = (
				A2B0DF4928F30623009F1102 /* ViewController.swift in Sources */,
				A2B0DF4528F30623009F1102 /* AppDelegate.swift in Sources */,
				A2499AB1291E504300A81D07 /* BaseView.swift in Sources */,
				A2B0DF4728F30623009F1102 /* SceneDelegate.swift in Sources */,
				A26097AC28F426EC0051BA41 /* UIColor+Extension.swift in Sources */,
			);
			runOnlyForDeploymentPostprocessing = 0;
		};
/* End PBXSourcesBuildPhase section */

/* Begin PBXVariantGroup section */
		A2B0DF4A28F30623009F1102 /* Main.storyboard */ = {
			isa = PBXVariantGroup;
			children = (
				A2B0DF4B28F30623009F1102 /* Base */,
			);
			name = Main.storyboard;
			sourceTree = "<group>";
		};
		A2B0DF4F28F30626009F1102 /* LaunchScreen.storyboard */ = {
			isa = PBXVariantGroup;
			children = (
				A2B0DF5028F30626009F1102 /* Base */,
			);
			name = LaunchScreen.storyboard;
			sourceTree = "<group>";
		};
/* End PBXVariantGroup section */

/* Begin XCBuildConfiguration section */
		A2B0DF5328F30626009F1102 /* Debug */ = {
			isa = XCBuildConfiguration;
			buildSettings = {
				ALWAYS_SEARCH_USER_PATHS = NO;
				CLANG_ANALYZER_NONNULL = YES;
				CLANG_ANALYZER_NUMBER_OBJECT_CONVERSION = YES_AGGRESSIVE;
				CLANG_CXX_LANGUAGE_STANDARD = "gnu++17";
				CLANG_ENABLE_MODULES = YES;
				CLANG_ENABLE_OBJC_ARC = YES;
				CLANG_ENABLE_OBJC_WEAK = YES;
				CLANG_WARN_BLOCK_CAPTURE_AUTORELEASING = YES;
				CLANG_WARN_BOOL_CONVERSION = YES;
				CLANG_WARN_COMMA = YES;
				CLANG_WARN_CONSTANT_CONVERSION = YES;
				CLANG_WARN_DEPRECATED_OBJC_IMPLEMENTATIONS = YES;
				CLANG_WARN_DIRECT_OBJC_ISA_USAGE = YES_ERROR;
				CLANG_WARN_DOCUMENTATION_COMMENTS = YES;
				CLANG_WARN_EMPTY_BODY = YES;
				CLANG_WARN_ENUM_CONVERSION = YES;
				CLANG_WARN_INFINITE_RECURSION = YES;
				CLANG_WARN_INT_CONVERSION = YES;
				CLANG_WARN_NON_LITERAL_NULL_CONVERSION = YES;
				CLANG_WARN_OBJC_IMPLICIT_RETAIN_SELF = YES;
				CLANG_WARN_OBJC_LITERAL_CONVERSION = YES;
				CLANG_WARN_OBJC_ROOT_CLASS = YES_ERROR;
				CLANG_WARN_QUOTED_INCLUDE_IN_FRAMEWORK_HEADER = YES;
				CLANG_WARN_RANGE_LOOP_ANALYSIS = YES;
				CLANG_WARN_STRICT_PROTOTYPES = YES;
				CLANG_WARN_SUSPICIOUS_MOVE = YES;
				CLANG_WARN_UNGUARDED_AVAILABILITY = YES_AGGRESSIVE;
				CLANG_WARN_UNREACHABLE_CODE = YES;
				CLANG_WARN__DUPLICATE_METHOD_MATCH = YES;
				COPY_PHASE_STRIP = NO;
				DEBUG_INFORMATION_FORMAT = dwarf;
				ENABLE_STRICT_OBJC_MSGSEND = YES;
				ENABLE_TESTABILITY = YES;
				GCC_C_LANGUAGE_STANDARD = gnu11;
				GCC_DYNAMIC_NO_PIC = NO;
				GCC_NO_COMMON_BLOCKS = YES;
				GCC_OPTIMIZATION_LEVEL = 0;
				GCC_PREPROCESSOR_DEFINITIONS = (
					"DEBUG=1",
					"$(inherited)",
				);
				GCC_WARN_64_TO_32_BIT_CONVERSION = YES;
				GCC_WARN_ABOUT_RETURN_TYPE = YES_ERROR;
				GCC_WARN_UNDECLARED_SELECTOR = YES;
				GCC_WARN_UNINITIALIZED_AUTOS = YES_AGGRESSIVE;
				GCC_WARN_UNUSED_FUNCTION = YES;
				GCC_WARN_UNUSED_VARIABLE = YES;
				IPHONEOS_DEPLOYMENT_TARGET = 15.5;
				MTL_ENABLE_DEBUG_INFO = INCLUDE_SOURCE;
				MTL_FAST_MATH = YES;
				ONLY_ACTIVE_ARCH = YES;
				SDKROOT = iphoneos;
				SWIFT_ACTIVE_COMPILATION_CONDITIONS = DEBUG;
				SWIFT_OPTIMIZATION_LEVEL = "-Onone";
			};
			name = Debug;
		};
		A2B0DF5428F30626009F1102 /* Release */ = {
			isa = XCBuildConfiguration;
			buildSettings = {
				ALWAYS_SEARCH_USER_PATHS = NO;
				CLANG_ANALYZER_NONNULL = YES;
				CLANG_ANALYZER_NUMBER_OBJECT_CONVERSION = YES_AGGRESSIVE;
				CLANG_CXX_LANGUAGE_STANDARD = "gnu++17";
				CLANG_ENABLE_MODULES = YES;
				CLANG_ENABLE_OBJC_ARC = YES;
				CLANG_ENABLE_OBJC_WEAK = YES;
				CLANG_WARN_BLOCK_CAPTURE_AUTORELEASING = YES;
				CLANG_WARN_BOOL_CONVERSION = YES;
				CLANG_WARN_COMMA = YES;
				CLANG_WARN_CONSTANT_CONVERSION = YES;
				CLANG_WARN_DEPRECATED_OBJC_IMPLEMENTATIONS = YES;
				CLANG_WARN_DIRECT_OBJC_ISA_USAGE = YES_ERROR;
				CLANG_WARN_DOCUMENTATION_COMMENTS = YES;
				CLANG_WARN_EMPTY_BODY = YES;
				CLANG_WARN_ENUM_CONVERSION = YES;
				CLANG_WARN_INFINITE_RECURSION = YES;
				CLANG_WARN_INT_CONVERSION = YES;
				CLANG_WARN_NON_LITERAL_NULL_CONVERSION = YES;
				CLANG_WARN_OBJC_IMPLICIT_RETAIN_SELF = YES;
				CLANG_WARN_OBJC_LITERAL_CONVERSION = YES;
				CLANG_WARN_OBJC_ROOT_CLASS = YES_ERROR;
				CLANG_WARN_QUOTED_INCLUDE_IN_FRAMEWORK_HEADER = YES;
				CLANG_WARN_RANGE_LOOP_ANALYSIS = YES;
				CLANG_WARN_STRICT_PROTOTYPES = YES;
				CLANG_WARN_SUSPICIOUS_MOVE = YES;
				CLANG_WARN_UNGUARDED_AVAILABILITY = YES_AGGRESSIVE;
				CLANG_WARN_UNREACHABLE_CODE = YES;
				CLANG_WARN__DUPLICATE_METHOD_MATCH = YES;
				COPY_PHASE_STRIP = NO;
				DEBUG_INFORMATION_FORMAT = "dwarf-with-dsym";
				ENABLE_NS_ASSERTIONS = NO;
				ENABLE_STRICT_OBJC_MSGSEND = YES;
				GCC_C_LANGUAGE_STANDARD = gnu11;
				GCC_NO_COMMON_BLOCKS = YES;
				GCC_WARN_64_TO_32_BIT_CONVERSION = YES;
				GCC_WARN_ABOUT_RETURN_TYPE = YES_ERROR;
				GCC_WARN_UNDECLARED_SELECTOR = YES;
				GCC_WARN_UNINITIALIZED_AUTOS = YES_AGGRESSIVE;
				GCC_WARN_UNUSED_FUNCTION = YES;
				GCC_WARN_UNUSED_VARIABLE = YES;
				IPHONEOS_DEPLOYMENT_TARGET = 15.5;
				MTL_ENABLE_DEBUG_INFO = NO;
				MTL_FAST_MATH = YES;
				SDKROOT = iphoneos;
				SWIFT_COMPILATION_MODE = wholemodule;
				SWIFT_OPTIMIZATION_LEVEL = "-O";
				VALIDATE_PRODUCT = YES;
			};
			name = Release;
		};
		A2B0DF5628F30626009F1102 /* Debug */ = {
			isa = XCBuildConfiguration;
			baseConfigurationReference = A4B56B0526AD5311E60C8FEF /* Pods-Techl-Neo.debug.xcconfig */;
			buildSettings = {
				ASSETCATALOG_COMPILER_APPICON_NAME = AppIcon;
				ASSETCATALOG_COMPILER_GLOBAL_ACCENT_COLOR_NAME = AccentColor;
				CODE_SIGN_IDENTITY = "iPhone Developer";
				CODE_SIGN_STYLE = Manual;
				CURRENT_PROJECT_VERSION = 1;
				DEVELOPMENT_TEAM = F7B353LPM3;
				GENERATE_INFOPLIST_FILE = YES;
				INFOPLIST_FILE = "Techl-Neo/Info.plist";
				INFOPLIST_KEY_CFBundleDisplayName = "테클";
				INFOPLIST_KEY_UIApplicationSupportsIndirectInputEvents = YES;
				INFOPLIST_KEY_UILaunchStoryboardName = LaunchScreen;
				INFOPLIST_KEY_UIMainStoryboardFile = Main;
				INFOPLIST_KEY_UISupportedInterfaceOrientations = UIInterfaceOrientationPortrait;
				INFOPLIST_KEY_UISupportedInterfaceOrientations_iPad = UIInterfaceOrientationPortrait;
				INFOPLIST_KEY_UISupportedInterfaceOrientations_iPhone = UIInterfaceOrientationPortrait;
				IPHONEOS_DEPLOYMENT_TARGET = 15.0;
				LD_RUNPATH_SEARCH_PATHS = (
					"$(inherited)",
					"@executable_path/Frameworks",
				);
				MARKETING_VERSION = 1.0;
				PRODUCT_BUNDLE_IDENTIFIER = com.kimdee.Techl;
				PRODUCT_NAME = "$(TARGET_NAME)";
				PROVISIONING_PROFILE_SPECIFIER = TECHL;
				SWIFT_EMIT_LOC_STRINGS = YES;
				SWIFT_VERSION = 5.0;
				TARGETED_DEVICE_FAMILY = 1;
			};
			name = Debug;
		};
		A2B0DF5728F30626009F1102 /* Release */ = {
			isa = XCBuildConfiguration;
			baseConfigurationReference = C0FFDFC48EC30A82C6C998E2 /* Pods-Techl-Neo.release.xcconfig */;
			buildSettings = {
				ASSETCATALOG_COMPILER_APPICON_NAME = AppIcon;
				ASSETCATALOG_COMPILER_GLOBAL_ACCENT_COLOR_NAME = AccentColor;
				CODE_SIGN_IDENTITY = "iPhone Developer";
				CODE_SIGN_STYLE = Manual;
				CURRENT_PROJECT_VERSION = 1;
				DEVELOPMENT_TEAM = F7B353LPM3;
				GENERATE_INFOPLIST_FILE = YES;
				INFOPLIST_FILE = "Techl-Neo/Info.plist";
				INFOPLIST_KEY_CFBundleDisplayName = "테클";
				INFOPLIST_KEY_UIApplicationSupportsIndirectInputEvents = YES;
				INFOPLIST_KEY_UILaunchStoryboardName = LaunchScreen;
				INFOPLIST_KEY_UIMainStoryboardFile = Main;
				INFOPLIST_KEY_UISupportedInterfaceOrientations = UIInterfaceOrientationPortrait;
				INFOPLIST_KEY_UISupportedInterfaceOrientations_iPad = UIInterfaceOrientationPortrait;
				INFOPLIST_KEY_UISupportedInterfaceOrientations_iPhone = UIInterfaceOrientationPortrait;
				IPHONEOS_DEPLOYMENT_TARGET = 15.0;
				LD_RUNPATH_SEARCH_PATHS = (
					"$(inherited)",
					"@executable_path/Frameworks",
				);
				MARKETING_VERSION = 1.0;
				PRODUCT_BUNDLE_IDENTIFIER = com.kimdee.Techl;
				PRODUCT_NAME = "$(TARGET_NAME)";
				PROVISIONING_PROFILE_SPECIFIER = TECHL;
				SWIFT_EMIT_LOC_STRINGS = YES;
				SWIFT_VERSION = 5.0;
				TARGETED_DEVICE_FAMILY = 1;
			};
			name = Release;
		};
/* End XCBuildConfiguration section */

/* Begin XCConfigurationList section */
		A2B0DF3C28F30622009F1102 /* Build configuration list for PBXProject "Techl-Neo" */ = {
			isa = XCConfigurationList;
			buildConfigurations = (
				A2B0DF5328F30626009F1102 /* Debug */,
				A2B0DF5428F30626009F1102 /* Release */,
			);
			defaultConfigurationIsVisible = 0;
			defaultConfigurationName = Release;
		};
		A2B0DF5528F30626009F1102 /* Build configuration list for PBXNativeTarget "Techl-Neo" */ = {
			isa = XCConfigurationList;
			buildConfigurations = (
				A2B0DF5628F30626009F1102 /* Debug */,
				A2B0DF5728F30626009F1102 /* Release */,
			);
			defaultConfigurationIsVisible = 0;
			defaultConfigurationName = Release;
		};
/* End XCConfigurationList section */

/* Begin XCRemoteSwiftPackageReference section */
		A23AC15D28F31C4D00A39B08 /* XCRemoteSwiftPackageReference "Alamofire" */ = {
			isa = XCRemoteSwiftPackageReference;
			repositoryURL = "https://github.com/Alamofire/Alamofire";
			requirement = {
				kind = upToNextMajorVersion;
				minimumVersion = 5.0.0;
			};
		};
		A23AC16028F31C6500A39B08 /* XCRemoteSwiftPackageReference "Kingfisher" */ = {
			isa = XCRemoteSwiftPackageReference;
			repositoryURL = "https://github.com/onevcat/Kingfisher";
			requirement = {
				kind = upToNextMajorVersion;
				minimumVersion = 7.0.0;
			};
		};
		A23AC16328F31C7A00A39B08 /* XCRemoteSwiftPackageReference "SnapKit" */ = {
			isa = XCRemoteSwiftPackageReference;
			repositoryURL = "https://github.com/SnapKit/SnapKit";
			requirement = {
				kind = upToNextMajorVersion;
				minimumVersion = 5.0.0;
			};
		};
		A23AC16628F31C8D00A39B08 /* XCRemoteSwiftPackageReference "Then" */ = {
			isa = XCRemoteSwiftPackageReference;
			repositoryURL = "https://github.com/devxoul/Then";
			requirement = {
				kind = upToNextMajorVersion;
				minimumVersion = 3.0.0;
			};
		};
		A2499A9E291E4C4000A81D07 /* XCRemoteSwiftPackageReference "Toast-Swift" */ = {
			isa = XCRemoteSwiftPackageReference;
			repositoryURL = "https://github.com/scalessec/Toast-Swift";
			requirement = {
				kind = upToNextMajorVersion;
				minimumVersion = 5.0.0;
			};
		};
		A2499AA1291E4C5800A81D07 /* XCRemoteSwiftPackageReference "RxSwift" */ = {
			isa = XCRemoteSwiftPackageReference;
			repositoryURL = "https://github.com/ReactiveX/RxSwift";
			requirement = {
				kind = upToNextMinorVersion;
				minimumVersion = 6.5.0;
			};
		};
		A2499AA6291E4D1200A81D07 /* XCRemoteSwiftPackageReference "Tabman" */ = {
			isa = XCRemoteSwiftPackageReference;
			repositoryURL = "https://github.com/uias/Tabman";
			requirement = {
				kind = upToNextMajorVersion;
				minimumVersion = 3.0.0;
			};
		};
		A2499AA9291E4D3400A81D07 /* XCRemoteSwiftPackageReference "Hero" */ = {
			isa = XCRemoteSwiftPackageReference;
			repositoryURL = "https://github.com/HeroTransitions/Hero";
			requirement = {
				kind = upToNextMinorVersion;
				minimumVersion = 1.6.0;
			};
		};
		A2499AAC291E4D7B00A81D07 /* XCRemoteSwiftPackageReference "lottie-ios" */ = {
			isa = XCRemoteSwiftPackageReference;
			repositoryURL = "https://github.com/airbnb/lottie-ios";
			requirement = {
				kind = upToNextMinorVersion;
				minimumVersion = 3.5.0;
			};
		};
/* End XCRemoteSwiftPackageReference section */

/* Begin XCSwiftPackageProductDependency section */
		A23AC15E28F31C4D00A39B08 /* Alamofire */ = {
			isa = XCSwiftPackageProductDependency;
			package = A23AC15D28F31C4D00A39B08 /* XCRemoteSwiftPackageReference "Alamofire" */;
			productName = Alamofire;
		};
		A23AC16128F31C6500A39B08 /* Kingfisher */ = {
			isa = XCSwiftPackageProductDependency;
			package = A23AC16028F31C6500A39B08 /* XCRemoteSwiftPackageReference "Kingfisher" */;
			productName = Kingfisher;
		};
		A23AC16428F31C7A00A39B08 /* SnapKit */ = {
			isa = XCSwiftPackageProductDependency;
			package = A23AC16328F31C7A00A39B08 /* XCRemoteSwiftPackageReference "SnapKit" */;
			productName = SnapKit;
		};
		A23AC16728F31C8D00A39B08 /* Then */ = {
			isa = XCSwiftPackageProductDependency;
			package = A23AC16628F31C8D00A39B08 /* XCRemoteSwiftPackageReference "Then" */;
			productName = Then;
		};
		A2499A9F291E4C4100A81D07 /* Toast */ = {
			isa = XCSwiftPackageProductDependency;
			package = A2499A9E291E4C4000A81D07 /* XCRemoteSwiftPackageReference "Toast-Swift" */;
			productName = Toast;
		};
		A2499AA2291E4C5800A81D07 /* RxCocoa */ = {
			isa = XCSwiftPackageProductDependency;
			package = A2499AA1291E4C5800A81D07 /* XCRemoteSwiftPackageReference "RxSwift" */;
			productName = RxCocoa;
		};
		A2499AA4291E4C5800A81D07 /* RxSwift */ = {
			isa = XCSwiftPackageProductDependency;
			package = A2499AA1291E4C5800A81D07 /* XCRemoteSwiftPackageReference "RxSwift" */;
			productName = RxSwift;
		};
		A2499AA7291E4D1200A81D07 /* Tabman */ = {
			isa = XCSwiftPackageProductDependency;
			package = A2499AA6291E4D1200A81D07 /* XCRemoteSwiftPackageReference "Tabman" */;
			productName = Tabman;
		};
		A2499AAA291E4D3400A81D07 /* Hero */ = {
			isa = XCSwiftPackageProductDependency;
			package = A2499AA9291E4D3400A81D07 /* XCRemoteSwiftPackageReference "Hero" */;
			productName = Hero;
		};
		A2499AAD291E4D7B00A81D07 /* Lottie */ = {
			isa = XCSwiftPackageProductDependency;
			package = A2499AAC291E4D7B00A81D07 /* XCRemoteSwiftPackageReference "lottie-ios" */;
			productName = Lottie;
		};
/* End XCSwiftPackageProductDependency section */
	};
	rootObject = A2B0DF3928F30622009F1102 /* Project object */;
}
